
Microsoft Visual Studio Solution File, Format Version 12.00
# Visual Studio 15
VisualStudioVersion = 15.0.28307.489
MinimumVisualStudioVersion = 10.0.40219.1
Project("{9A19103F-16F7-4668-BE54-9A1E7A4F7556}") = "hw1", "hw1\hw1.csproj", "{1A77E749-BCD9-4D5D-8E33-B62C93FCB5E8}"
EndProject
Project("{9A19103F-16F7-4668-BE54-9A1E7A4F7556}") = "Converter", "Converter\Converter.csproj", "{28127B6B-2FD6-4410-BD9E-215B36648D51}"
EndProject
Project("{FAE04EC0-301F-11D3-BF4B-00C04F79EFBC}") = "NUnitTestProject1", "NUnitTestProject1\NUnitTestProject1.csproj", "{50B9EC83-A779-419F-90D4-52F1C2DC24A6}"
EndProject
Global
	GlobalSection(SolutionConfigurationPlatforms) = preSolution
		Debug|Any CPU = Debug|Any CPU
		Release|Any CPU = Release|Any CPU
	EndGlobalSection
	GlobalSection(ProjectConfigurationPlatforms) = postSolution
		{1A77E749-BCD9-4D5D-8E33-B62C93FCB5E8}.Debug|Any CPU.ActiveCfg = Debug|Any CPU
		{1A77E749-BCD9-4D5D-8E33-B62C93FCB5E8}.Debug|Any CPU.Build.0 = Debug|Any CPU
		{1A77E749-BCD9-4D5D-8E33-B62C93FCB5E8}.Release|Any CPU.ActiveCfg = Release|Any CPU
		{1A77E749-BCD9-4D5D-8E33-B62C93FCB5E8}.Release|Any CPU.Build.0 = Release|Any CPU
		{28127B6B-2FD6-4410-BD9E-215B36648D51}.Debug|Any CPU.ActiveCfg = Debug|Any CPU
		{28127B6B-2FD6-4410-BD9E-215B36648D51}.Debug|Any CPU.Build.0 = Debug|Any CPU
		{28127B6B-2FD6-4410-BD9E-215B36648D51}.Release|Any CPU.ActiveCfg = Release|Any CPU
		{28127B6B-2FD6-4410-BD9E-215B36648D51}.Release|Any CPU.Build.0 = Release|Any CPU
		{50B9EC83-A779-419F-90D4-52F1C2DC24A6}.Debug|Any CPU.ActiveCfg = Debug|Any CPU
		{50B9EC83-A779-419F-90D4-52F1C2DC24A6}.Debug|Any CPU.Build.0 = Debug|Any CPU
		{50B9EC83-A779-419F-90D4-52F1C2DC24A6}.Release|Any CPU.ActiveCfg = Release|Any CPU
		{50B9EC83-A779-419F-90D4-52F1C2DC24A6}.Release|Any CPU.Build.0 = Release|Any CPU
	EndGlobalSection
	GlobalSection(SolutionProperties) = preSolution
		HideSolutionNode = FALSE
	EndGlobalSection
	GlobalSection(ExtensibilityGlobals) = postSolution
		SolutionGuid = {22D09A7D-F405-48B2-8274-7D527D49ED37}
	EndGlobalSection
EndGlobal
