
Microsoft Visual Studio Solution File, Format Version 12.00
# Visual Studio 15
VisualStudioVersion = 15.0.28307.539
MinimumVisualStudioVersion = 10.0.40219.1
Project("{FAE04EC0-301F-11D3-BF4B-00C04F79EFBC}") = "XmlBenchmarking", "XmlBenchmarking\XmlBenchmarking.csproj", "{45A1770C-941E-4716-BB34-4EBC2E26C5A3}"
EndProject
Project("{FAE04EC0-301F-11D3-BF4B-00C04F79EFBC}") = "XmlRepairTests", "XmlRepairTests\XmlRepairTests.csproj", "{AD07CCCC-0B18-4F86-A372-9F74298D33DE}"
EndProject
Global
	GlobalSection(SolutionConfigurationPlatforms) = preSolution
		Debug|Any CPU = Debug|Any CPU
		Release|Any CPU = Release|Any CPU
	EndGlobalSection
	GlobalSection(ProjectConfigurationPlatforms) = postSolution
		{45A1770C-941E-4716-BB34-4EBC2E26C5A3}.Debug|Any CPU.ActiveCfg = Release|Any CPU
		{45A1770C-941E-4716-BB34-4EBC2E26C5A3}.Debug|Any CPU.Build.0 = Release|Any CPU
		{45A1770C-941E-4716-BB34-4EBC2E26C5A3}.Release|Any CPU.ActiveCfg = Release|Any CPU
		{45A1770C-941E-4716-BB34-4EBC2E26C5A3}.Release|Any CPU.Build.0 = Release|Any CPU
		{AD07CCCC-0B18-4F86-A372-9F74298D33DE}.Debug|Any CPU.ActiveCfg = Debug|Any CPU
		{AD07CCCC-0B18-4F86-A372-9F74298D33DE}.Debug|Any CPU.Build.0 = Debug|Any CPU
		{AD07CCCC-0B18-4F86-A372-9F74298D33DE}.Release|Any CPU.ActiveCfg = Release|Any CPU
		{AD07CCCC-0B18-4F86-A372-9F74298D33DE}.Release|Any CPU.Build.0 = Release|Any CPU
	EndGlobalSection
	GlobalSection(SolutionProperties) = preSolution
		HideSolutionNode = FALSE
	EndGlobalSection
	GlobalSection(ExtensibilityGlobals) = postSolution
		SolutionGuid = {AD8C59FA-6D9B-4DFC-8523-156A30CB3BF4}
	EndGlobalSection
EndGlobal
